// !$*UTF8*$!
{
	archiveVersion = 1;
	classes = {
	};
	objectVersion = 56;
	objects = {

/* Begin PBXBuildFile section */
		93F01E652906813100A23EBC /* Revenge_BoomApp.swift in Sources */ = {isa = PBXBuildFile; fileRef = 93F01E642906813100A23EBC /* Revenge_BoomApp.swift */; };
		93F01E672906813100A23EBC /* ContentView.swift in Sources */ = {isa = PBXBuildFile; fileRef = 93F01E662906813100A23EBC /* ContentView.swift */; };
		93F01E692906813200A23EBC /* Assets.xcassets in Resources */ = {isa = PBXBuildFile; fileRef = 93F01E682906813200A23EBC /* Assets.xcassets */; };
		93F01E6C2906813200A23EBC /* Preview Assets.xcassets in Resources */ = {isa = PBXBuildFile; fileRef = 93F01E6B2906813200A23EBC /* Preview Assets.xcassets */; };
		AC5F329B2907EAFB00C63A60 /* Database_Group.swift in Sources */ = {isa = PBXBuildFile; fileRef = AC5F329A2907EAFB00C63A60 /* Database_Group.swift */; };
		AC73DD7329069946007DAD64 /* ActivityCardView.swift in Sources */ = {isa = PBXBuildFile; fileRef = AC73DD7229069946007DAD64 /* ActivityCardView.swift */; };
		AC73DD752906E8E0007DAD64 /* ActivityCard.swift in Sources */ = {isa = PBXBuildFile; fileRef = AC73DD742906E8E0007DAD64 /* ActivityCard.swift */; };
		AC73DD772906EA64007DAD64 /* Database_Solo.swift in Sources */ = {isa = PBXBuildFile; fileRef = AC73DD762906EA64007DAD64 /* Database_Solo.swift */; };
		AC73DD792906EBE6007DAD64 /* ActivityViewModel.swift in Sources */ = {isa = PBXBuildFile; fileRef = AC73DD782906EBE6007DAD64 /* ActivityViewModel.swift */; };
		AC73DD7D290704F4007DAD64 /* Tab_Bar.swift in Sources */ = {isa = PBXBuildFile; fileRef = AC73DD7C290704F4007DAD64 /* Tab_Bar.swift */; };
		AC73DD7F29070B6B007DAD64 /* Segmented_Coontrol.swift in Sources */ = {isa = PBXBuildFile; fileRef = AC73DD7E29070B6B007DAD64 /* Segmented_Coontrol.swift */; };
		AC73DD8129070C08007DAD64 /* Tips_Page_view.swift in Sources */ = {isa = PBXBuildFile; fileRef = AC73DD8029070C08007DAD64 /* Tips_Page_view.swift */; };
/* End PBXBuildFile section */

/* Begin PBXFileReference section */
		93F01E612906813100A23EBC /* Revenge-Boom.app */ = {isa = PBXFileReference; explicitFileType = wrapper.application; includeInIndex = 0; path = "Revenge-Boom.app"; sourceTree = BUILT_PRODUCTS_DIR; };
		93F01E642906813100A23EBC /* Revenge_BoomApp.swift */ = {isa = PBXFileReference; lastKnownFileType = sourcecode.swift; path = Revenge_BoomApp.swift; sourceTree = "<group>"; };
		93F01E662906813100A23EBC /* ContentView.swift */ = {isa = PBXFileReference; lastKnownFileType = sourcecode.swift; path = ContentView.swift; sourceTree = "<group>"; };
		93F01E682906813200A23EBC /* Assets.xcassets */ = {isa = PBXFileReference; lastKnownFileType = folder.assetcatalog; path = Assets.xcassets; sourceTree = "<group>"; };
		93F01E6B2906813200A23EBC /* Preview Assets.xcassets */ = {isa = PBXFileReference; lastKnownFileType = folder.assetcatalog; path = "Preview Assets.xcassets"; sourceTree = "<group>"; };
		AC5F329A2907EAFB00C63A60 /* Database_Group.swift */ = {isa = PBXFileReference; lastKnownFileType = sourcecode.swift; path = Database_Group.swift; sourceTree = "<group>"; };
		AC73DD7229069946007DAD64 /* ActivityCardView.swift */ = {isa = PBXFileReference; lastKnownFileType = sourcecode.swift; path = ActivityCardView.swift; sourceTree = "<group>"; };
		AC73DD742906E8E0007DAD64 /* ActivityCard.swift */ = {isa = PBXFileReference; lastKnownFileType = sourcecode.swift; path = ActivityCard.swift; sourceTree = "<group>"; };
		AC73DD762906EA64007DAD64 /* Database_Solo.swift */ = {isa = PBXFileReference; lastKnownFileType = sourcecode.swift; path = Database_Solo.swift; sourceTree = "<group>"; };
		AC73DD782906EBE6007DAD64 /* ActivityViewModel.swift */ = {isa = PBXFileReference; lastKnownFileType = sourcecode.swift; path = ActivityViewModel.swift; sourceTree = "<group>"; };
		AC73DD7C290704F4007DAD64 /* Tab_Bar.swift */ = {isa = PBXFileReference; lastKnownFileType = sourcecode.swift; path = Tab_Bar.swift; sourceTree = "<group>"; };
		AC73DD7E29070B6B007DAD64 /* Segmented_Coontrol.swift */ = {isa = PBXFileReference; lastKnownFileType = sourcecode.swift; path = Segmented_Coontrol.swift; sourceTree = "<group>"; };
		AC73DD8029070C08007DAD64 /* Tips_Page_view.swift */ = {isa = PBXFileReference; lastKnownFileType = sourcecode.swift; path = Tips_Page_view.swift; sourceTree = "<group>"; };
/* End PBXFileReference section */

/* Begin PBXFrameworksBuildPhase section */
		93F01E5E2906813100A23EBC /* Frameworks */ = {
			isa = PBXFrameworksBuildPhase;
			buildActionMask = 2147483647;
			files = (
			);
			runOnlyForDeploymentPostprocessing = 0;
		};
/* End PBXFrameworksBuildPhase section */

/* Begin PBXGroup section */
		93821AC02907039C0029D472 /* Model */ = {
			isa = PBXGroup;
			children = (
				AC73DD742906E8E0007DAD64 /* ActivityCard.swift */,
				AC73DD762906EA64007DAD64 /* Database_Solo.swift */,
				AC5F329A2907EAFB00C63A60 /* Database_Group.swift */,
			);
			path = Model;
			sourceTree = "<group>";
		};
		93821AC1290703B90029D472 /* ViewModel */ = {
			isa = PBXGroup;
			children = (
				AC73DD782906EBE6007DAD64 /* ActivityViewModel.swift */,
				AC73DD7C290704F4007DAD64 /* Tab_Bar.swift */,
				AC73DD7E29070B6B007DAD64 /* Segmented_Coontrol.swift */,
			);
			path = ViewModel;
			sourceTree = "<group>";
		};
		93821AC2290704080029D472 /* View */ = {
			isa = PBXGroup;
			children = (
				AC73DD7229069946007DAD64 /* ActivityCardView.swift */,
			);
			path = View;
			sourceTree = "<group>";
		};
		93F01E582906813100A23EBC = {
			isa = PBXGroup;
			children = (
				93F01E632906813100A23EBC /* Revenge-Boom */,
				93F01E622906813100A23EBC /* Products */,
			);
			sourceTree = "<group>";
		};
		93F01E622906813100A23EBC /* Products */ = {
			isa = PBXGroup;
			children = (
				93F01E612906813100A23EBC /* Revenge-Boom.app */,
			);
			name = Products;
			sourceTree = "<group>";
		};
		93F01E632906813100A23EBC /* Revenge-Boom */ = {
			isa = PBXGroup;
			children = (
				93821AC2290704080029D472 /* View */,
				93821AC1290703B90029D472 /* ViewModel */,
				93821AC02907039C0029D472 /* Model */,
				93F01E642906813100A23EBC /* Revenge_BoomApp.swift */,
				93F01E662906813100A23EBC /* ContentView.swift */,
				AC73DD8229070F91007DAD64 /* TipsPage */,
				93F01E682906813200A23EBC /* Assets.xcassets */,
				93F01E6A2906813200A23EBC /* Preview Content */,
			);
			path = "Revenge-Boom";
			sourceTree = "<group>";
		};
		93F01E6A2906813200A23EBC /* Preview Content */ = {
			isa = PBXGroup;
			children = (
				93F01E6B2906813200A23EBC /* Preview Assets.xcassets */,
			);
			path = "Preview Content";
			sourceTree = "<group>";
		};
		AC73DD8229070F91007DAD64 /* TipsPage */ = {
			isa = PBXGroup;
			children = (
				AC73DD8029070C08007DAD64 /* Tips_Page_view.swift */,
			);
			path = TipsPage;
			sourceTree = "<group>";
		};
/* End PBXGroup section */

/* Begin PBXNativeTarget section */
		93F01E602906813100A23EBC /* Revenge-Boom */ = {
			isa = PBXNativeTarget;
			buildConfigurationList = 93F01E6F2906813200A23EBC /* Build configuration list for PBXNativeTarget "Revenge-Boom" */;
			buildPhases = (
				93F01E5D2906813100A23EBC /* Sources */,
				93F01E5E2906813100A23EBC /* Frameworks */,
				93F01E5F2906813100A23EBC /* Resources */,
			);
			buildRules = (
			);
			dependencies = (
			);
			name = "Revenge-Boom";
			productName = "Revenge-Boom";
			productReference = 93F01E612906813100A23EBC /* Revenge-Boom.app */;
			productType = "com.apple.product-type.application";
		};
/* End PBXNativeTarget section */

/* Begin PBXProject section */
		93F01E592906813100A23EBC /* Project object */ = {
			isa = PBXProject;
			attributes = {
				BuildIndependentTargetsInParallel = 1;
				LastSwiftUpdateCheck = 1400;
				LastUpgradeCheck = 1400;
				TargetAttributes = {
					93F01E602906813100A23EBC = {
						CreatedOnToolsVersion = 14.0.1;
					};
				};
			};
			buildConfigurationList = 93F01E5C2906813100A23EBC /* Build configuration list for PBXProject "Revenge-Boom" */;
			compatibilityVersion = "Xcode 14.0";
			developmentRegion = en;
			hasScannedForEncodings = 0;
			knownRegions = (
				en,
				Base,
			);
			mainGroup = 93F01E582906813100A23EBC;
			productRefGroup = 93F01E622906813100A23EBC /* Products */;
			projectDirPath = "";
			projectRoot = "";
			targets = (
				93F01E602906813100A23EBC /* Revenge-Boom */,
			);
		};
/* End PBXProject section */

/* Begin PBXResourcesBuildPhase section */
		93F01E5F2906813100A23EBC /* Resources */ = {
			isa = PBXResourcesBuildPhase;
			buildActionMask = 2147483647;
			files = (
				93F01E6C2906813200A23EBC /* Preview Assets.xcassets in Resources */,
				93F01E692906813200A23EBC /* Assets.xcassets in Resources */,
			);
			runOnlyForDeploymentPostprocessing = 0;
		};
/* End PBXResourcesBuildPhase section */

/* Begin PBXSourcesBuildPhase section */
		93F01E5D2906813100A23EBC /* Sources */ = {
			isa = PBXSourcesBuildPhase;
			buildActionMask = 2147483647;
			files = (
				AC73DD752906E8E0007DAD64 /* ActivityCard.swift in Sources */,
				AC73DD792906EBE6007DAD64 /* ActivityViewModel.swift in Sources */,
				AC73DD7329069946007DAD64 /* ActivityCardView.swift in Sources */,
				93F01E672906813100A23EBC /* ContentView.swift in Sources */,
				AC5F329B2907EAFB00C63A60 /* Database_Group.swift in Sources */,
				AC73DD772906EA64007DAD64 /* Database_Solo.swift in Sources */,
				93F01E652906813100A23EBC /* Revenge_BoomApp.swift in Sources */,
				AC73DD7F29070B6B007DAD64 /* Segmented_Coontrol.swift in Sources */,
				AC73DD8129070C08007DAD64 /* Tips_Page_view.swift in Sources */,
				AC73DD7D290704F4007DAD64 /* Tab_Bar.swift in Sources */,
			);
			runOnlyForDeploymentPostprocessing = 0;
		};
/* End PBXSourcesBuildPhase section */

/* Begin XCBuildConfiguration section */
		93F01E6D2906813200A23EBC /* Debug */ = {
			isa = XCBuildConfiguration;
			buildSettings = {
				ALWAYS_SEARCH_USER_PATHS = NO;
				CLANG_ANALYZER_NONNULL = YES;
				CLANG_ANALYZER_NUMBER_OBJECT_CONVERSION = YES_AGGRESSIVE;
				CLANG_CXX_LANGUAGE_STANDARD = "gnu++20";
				CLANG_ENABLE_MODULES = YES;
				CLANG_ENABLE_OBJC_ARC = YES;
				CLANG_ENABLE_OBJC_WEAK = YES;
				CLANG_WARN_BLOCK_CAPTURE_AUTORELEASING = YES;
				CLANG_WARN_BOOL_CONVERSION = YES;
				CLANG_WARN_COMMA = YES;
				CLANG_WARN_CONSTANT_CONVERSION = YES;
				CLANG_WARN_DEPRECATED_OBJC_IMPLEMENTATIONS = YES;
				CLANG_WARN_DIRECT_OBJC_ISA_USAGE = YES_ERROR;
				CLANG_WARN_DOCUMENTATION_COMMENTS = YES;
				CLANG_WARN_EMPTY_BODY = YES;
				CLANG_WARN_ENUM_CONVERSION = YES;
				CLANG_WARN_INFINITE_RECURSION = YES;
				CLANG_WARN_INT_CONVERSION = YES;
				CLANG_WARN_NON_LITERAL_NULL_CONVERSION = YES;
				CLANG_WARN_OBJC_IMPLICIT_RETAIN_SELF = YES;
				CLANG_WARN_OBJC_LITERAL_CONVERSION = YES;
				CLANG_WARN_OBJC_ROOT_CLASS = YES_ERROR;
				CLANG_WARN_QUOTED_INCLUDE_IN_FRAMEWORK_HEADER = YES;
				CLANG_WARN_RANGE_LOOP_ANALYSIS = YES;
				CLANG_WARN_STRICT_PROTOTYPES = YES;
				CLANG_WARN_SUSPICIOUS_MOVE = YES;
				CLANG_WARN_UNGUARDED_AVAILABILITY = YES_AGGRESSIVE;
				CLANG_WARN_UNREACHABLE_CODE = YES;
				CLANG_WARN__DUPLICATE_METHOD_MATCH = YES;
				COPY_PHASE_STRIP = NO;
				DEBUG_INFORMATION_FORMAT = dwarf;
				ENABLE_STRICT_OBJC_MSGSEND = YES;
				ENABLE_TESTABILITY = YES;
				GCC_C_LANGUAGE_STANDARD = gnu11;
				GCC_DYNAMIC_NO_PIC = NO;
				GCC_NO_COMMON_BLOCKS = YES;
				GCC_OPTIMIZATION_LEVEL = 0;
				GCC_PREPROCESSOR_DEFINITIONS = (
					"DEBUG=1",
					"$(inherited)",
				);
				GCC_WARN_64_TO_32_BIT_CONVERSION = YES;
				GCC_WARN_ABOUT_RETURN_TYPE = YES_ERROR;
				GCC_WARN_UNDECLARED_SELECTOR = YES;
				GCC_WARN_UNINITIALIZED_AUTOS = YES_AGGRESSIVE;
				GCC_WARN_UNUSED_FUNCTION = YES;
				GCC_WARN_UNUSED_VARIABLE = YES;
				IPHONEOS_DEPLOYMENT_TARGET = 16.0;
				MTL_ENABLE_DEBUG_INFO = INCLUDE_SOURCE;
				MTL_FAST_MATH = YES;
				ONLY_ACTIVE_ARCH = YES;
				SDKROOT = iphoneos;
				SWIFT_ACTIVE_COMPILATION_CONDITIONS = DEBUG;
				SWIFT_OPTIMIZATION_LEVEL = "-Onone";
			};
			name = Debug;
		};
		93F01E6E2906813200A23EBC /* Release */ = {
			isa = XCBuildConfiguration;
			buildSettings = {
				ALWAYS_SEARCH_USER_PATHS = NO;
				CLANG_ANALYZER_NONNULL = YES;
				CLANG_ANALYZER_NUMBER_OBJECT_CONVERSION = YES_AGGRESSIVE;
				CLANG_CXX_LANGUAGE_STANDARD = "gnu++20";
				CLANG_ENABLE_MODULES = YES;
				CLANG_ENABLE_OBJC_ARC = YES;
				CLANG_ENABLE_OBJC_WEAK = YES;
				CLANG_WARN_BLOCK_CAPTURE_AUTORELEASING = YES;
				CLANG_WARN_BOOL_CONVERSION = YES;
				CLANG_WARN_COMMA = YES;
				CLANG_WARN_CONSTANT_CONVERSION = YES;
				CLANG_WARN_DEPRECATED_OBJC_IMPLEMENTATIONS = YES;
				CLANG_WARN_DIRECT_OBJC_ISA_USAGE = YES_ERROR;
				CLANG_WARN_DOCUMENTATION_COMMENTS = YES;
				CLANG_WARN_EMPTY_BODY = YES;
				CLANG_WARN_ENUM_CONVERSION = YES;
				CLANG_WARN_INFINITE_RECURSION = YES;
				CLANG_WARN_INT_CONVERSION = YES;
				CLANG_WARN_NON_LITERAL_NULL_CONVERSION = YES;
				CLANG_WARN_OBJC_IMPLICIT_RETAIN_SELF = YES;
				CLANG_WARN_OBJC_LITERAL_CONVERSION = YES;
				CLANG_WARN_OBJC_ROOT_CLASS = YES_ERROR;
				CLANG_WARN_QUOTED_INCLUDE_IN_FRAMEWORK_HEADER = YES;
				CLANG_WARN_RANGE_LOOP_ANALYSIS = YES;
				CLANG_WARN_STRICT_PROTOTYPES = YES;
				CLANG_WARN_SUSPICIOUS_MOVE = YES;
				CLANG_WARN_UNGUARDED_AVAILABILITY = YES_AGGRESSIVE;
				CLANG_WARN_UNREACHABLE_CODE = YES;
				CLANG_WARN__DUPLICATE_METHOD_MATCH = YES;
				COPY_PHASE_STRIP = NO;
				DEBUG_INFORMATION_FORMAT = "dwarf-with-dsym";
				ENABLE_NS_ASSERTIONS = NO;
				ENABLE_STRICT_OBJC_MSGSEND = YES;
				GCC_C_LANGUAGE_STANDARD = gnu11;
				GCC_NO_COMMON_BLOCKS = YES;
				GCC_WARN_64_TO_32_BIT_CONVERSION = YES;
				GCC_WARN_ABOUT_RETURN_TYPE = YES_ERROR;
				GCC_WARN_UNDECLARED_SELECTOR = YES;
				GCC_WARN_UNINITIALIZED_AUTOS = YES_AGGRESSIVE;
				GCC_WARN_UNUSED_FUNCTION = YES;
				GCC_WARN_UNUSED_VARIABLE = YES;
				IPHONEOS_DEPLOYMENT_TARGET = 16.0;
				MTL_ENABLE_DEBUG_INFO = NO;
				MTL_FAST_MATH = YES;
				SDKROOT = iphoneos;
				SWIFT_COMPILATION_MODE = wholemodule;
				SWIFT_OPTIMIZATION_LEVEL = "-O";
				VALIDATE_PRODUCT = YES;
			};
			name = Release;
		};
		93F01E702906813200A23EBC /* Debug */ = {
			isa = XCBuildConfiguration;
			buildSettings = {
				ASSETCATALOG_COMPILER_APPICON_NAME = AppIcon;
				ASSETCATALOG_COMPILER_GLOBAL_ACCENT_COLOR_NAME = AccentColor;
				CODE_SIGN_STYLE = Automatic;
				CURRENT_PROJECT_VERSION = 1;
				DEVELOPMENT_ASSET_PATHS = "\"Revenge-Boom/Preview Content\"";
				ENABLE_PREVIEWS = YES;
				GENERATE_INFOPLIST_FILE = YES;
				INFOPLIST_KEY_UIApplicationSceneManifest_Generation = YES;
				INFOPLIST_KEY_UIApplicationSupportsIndirectInputEvents = YES;
				INFOPLIST_KEY_UILaunchScreen_Generation = YES;
				INFOPLIST_KEY_UISupportedInterfaceOrientations_iPad = "UIInterfaceOrientationPortrait UIInterfaceOrientationPortraitUpsideDown UIInterfaceOrientationLandscapeLeft UIInterfaceOrientationLandscapeRight";
				INFOPLIST_KEY_UISupportedInterfaceOrientations_iPhone = "UIInterfaceOrientationPortrait UIInterfaceOrientationLandscapeLeft UIInterfaceOrientationLandscapeRight";
				LD_RUNPATH_SEARCH_PATHS = (
					"$(inherited)",
					"@executable_path/Frameworks",
				);
				MARKETING_VERSION = 1.0;
				PRODUCT_BUNDLE_IDENTIFIER = "academy.2022.mattia.Revenge-Boom";
				PRODUCT_NAME = "$(TARGET_NAME)";
				SWIFT_EMIT_LOC_STRINGS = YES;
				SWIFT_VERSION = 5.0;
				TARGETED_DEVICE_FAMILY = "1,2";
			};
			name = Debug;
		};
		93F01E712906813200A23EBC /* Release */ = {
			isa = XCBuildConfiguration;
			buildSettings = {
				ASSETCATALOG_COMPILER_APPICON_NAME = AppIcon;
				ASSETCATALOG_COMPILER_GLOBAL_ACCENT_COLOR_NAME = AccentColor;
				CODE_SIGN_STYLE = Automatic;
				CURRENT_PROJECT_VERSION = 1;
				DEVELOPMENT_ASSET_PATHS = "\"Revenge-Boom/Preview Content\"";
				ENABLE_PREVIEWS = YES;
				GENERATE_INFOPLIST_FILE = YES;
				INFOPLIST_KEY_UIApplicationSceneManifest_Generation = YES;
				INFOPLIST_KEY_UIApplicationSupportsIndirectInputEvents = YES;
				INFOPLIST_KEY_UILaunchScreen_Generation = YES;
				INFOPLIST_KEY_UISupportedInterfaceOrientations_iPad = "UIInterfaceOrientationPortrait UIInterfaceOrientationPortraitUpsideDown UIInterfaceOrientationLandscapeLeft UIInterfaceOrientationLandscapeRight";
				INFOPLIST_KEY_UISupportedInterfaceOrientations_iPhone = "UIInterfaceOrientationPortrait UIInterfaceOrientationLandscapeLeft UIInterfaceOrientationLandscapeRight";
				LD_RUNPATH_SEARCH_PATHS = (
					"$(inherited)",
					"@executable_path/Frameworks",
				);
				MARKETING_VERSION = 1.0;
				PRODUCT_BUNDLE_IDENTIFIER = "academy.2022.mattia.Revenge-Boom";
				PRODUCT_NAME = "$(TARGET_NAME)";
				SWIFT_EMIT_LOC_STRINGS = YES;
				SWIFT_VERSION = 5.0;
				TARGETED_DEVICE_FAMILY = "1,2";
			};
			name = Release;
		};
/* End XCBuildConfiguration section */

/* Begin XCConfigurationList section */
		93F01E5C2906813100A23EBC /* Build configuration list for PBXProject "Revenge-Boom" */ = {
			isa = XCConfigurationList;
			buildConfigurations = (
				93F01E6D2906813200A23EBC /* Debug */,
				93F01E6E2906813200A23EBC /* Release */,
			);
			defaultConfigurationIsVisible = 0;
			defaultConfigurationName = Release;
		};
		93F01E6F2906813200A23EBC /* Build configuration list for PBXNativeTarget "Revenge-Boom" */ = {
			isa = XCConfigurationList;
			buildConfigurations = (
				93F01E702906813200A23EBC /* Debug */,
				93F01E712906813200A23EBC /* Release */,
			);
			defaultConfigurationIsVisible = 0;
			defaultConfigurationName = Release;
		};
/* End XCConfigurationList section */
	};
	rootObject = 93F01E592906813100A23EBC /* Project object */;
}
